
Microsoft Visual Studio Solution File, Format Version 12.00
# Visual Studio Version 16
VisualStudioVersion = 16.0.30717.126
MinimumVisualStudioVersion = 10.0.40219.1
Project("{FAE04EC0-301F-11D3-BF4B-00C04F79EFBC}") = "WindowsMicrophoneMuteLibrary", "WindowsMicrophoneMuteLibrary\WindowsMicrophoneMuteLibrary.csproj", "{4D4A1F74-357D-4ABC-A598-576DAC5A74B3}"
EndProject
Project("{FAE04EC0-301F-11D3-BF4B-00C04F79EFBC}") = "CoreAudioApi", "CoreAudioAPI\CoreAudioApi.csproj", "{9F1076AA-63DF-4128-9C10-FD65E425C783}"
EndProject
Project("{FAE04EC0-301F-11D3-BF4B-00C04F79EFBC}") = "WindowsMicrophoneMute", "WindowsMicrophoneMute\WindowsMicrophoneMute.csproj", "{59568DC1-B712-479D-A471-2A1F256CE580}"
EndProject
Project("{2150E333-8FDC-42A3-9474-1A3956D46DE8}") = "Solution Items", "Solution Items", "{DAF88C99-4F7B-4161-A7F2-18BFC9D2D6E8}"
	ProjectSection(SolutionItems) = preProject
		.gitignore = .gitignore
		README.md = README.md
	EndProjectSection
EndProject
Project("{2150E333-8FDC-42A3-9474-1A3956D46DE8}") = "TO_COPY_FILES", "TO_COPY_FILES", "{7C3E2E04-6B2D-47C2-B01F-EA1602FE8453}"
EndProject
Project("{2150E333-8FDC-42A3-9474-1A3956D46DE8}") = "Resources", "Resources", "{874F6D2E-3261-4398-8B3F-6FF9687EED96}"
	ProjectSection(SolutionItems) = preProject
		TO_COPY_FILES\Resources\muted.png = TO_COPY_FILES\Resources\muted.png
		TO_COPY_FILES\Resources\unmuted.png = TO_COPY_FILES\Resources\unmuted.png
	EndProjectSection
EndProject
Project("{2150E333-8FDC-42A3-9474-1A3956D46DE8}") = "x64", "x64", "{F20C5963-1741-4C83-854C-520A4AF6D118}"
	ProjectSection(SolutionItems) = preProject
		TO_COPY_FILES\x64\CUESDK.dll = TO_COPY_FILES\x64\CUESDK.dll
		TO_COPY_FILES\x64\CUESDK_2015.dll = TO_COPY_FILES\x64\CUESDK_2015.dll
	EndProjectSection
EndProject
Project("{2150E333-8FDC-42A3-9474-1A3956D46DE8}") = "x86", "x86", "{12F33683-F4F4-4846-BF68-BC24561DF8B5}"
	ProjectSection(SolutionItems) = preProject
		TO_COPY_FILES\x86\CUESDK.dll = TO_COPY_FILES\x86\CUESDK.dll
		TO_COPY_FILES\x86\CUESDK_2015.dll = TO_COPY_FILES\x86\CUESDK_2015.dll
	EndProjectSection
EndProject
Global
	GlobalSection(SolutionConfigurationPlatforms) = preSolution
		Debug|Any CPU = Debug|Any CPU
		Debug|x86 = Debug|x86
		Release|Any CPU = Release|Any CPU
		Release|x86 = Release|x86
	EndGlobalSection
	GlobalSection(ProjectConfigurationPlatforms) = postSolution
		{4D4A1F74-357D-4ABC-A598-576DAC5A74B3}.Debug|Any CPU.ActiveCfg = Debug|Any CPU
		{4D4A1F74-357D-4ABC-A598-576DAC5A74B3}.Debug|Any CPU.Build.0 = Debug|Any CPU
		{4D4A1F74-357D-4ABC-A598-576DAC5A74B3}.Debug|x86.ActiveCfg = Debug|Any CPU
		{4D4A1F74-357D-4ABC-A598-576DAC5A74B3}.Release|Any CPU.ActiveCfg = Release|Any CPU
		{4D4A1F74-357D-4ABC-A598-576DAC5A74B3}.Release|Any CPU.Build.0 = Release|Any CPU
		{4D4A1F74-357D-4ABC-A598-576DAC5A74B3}.Release|x86.ActiveCfg = Release|Any CPU
		{9F1076AA-63DF-4128-9C10-FD65E425C783}.Debug|Any CPU.ActiveCfg = Debug|Any CPU
		{9F1076AA-63DF-4128-9C10-FD65E425C783}.Debug|Any CPU.Build.0 = Debug|Any CPU
		{9F1076AA-63DF-4128-9C10-FD65E425C783}.Debug|x86.ActiveCfg = Debug|x86
		{9F1076AA-63DF-4128-9C10-FD65E425C783}.Debug|x86.Build.0 = Debug|x86
		{9F1076AA-63DF-4128-9C10-FD65E425C783}.Release|Any CPU.ActiveCfg = Release|Any CPU
		{9F1076AA-63DF-4128-9C10-FD65E425C783}.Release|Any CPU.Build.0 = Release|Any CPU
		{9F1076AA-63DF-4128-9C10-FD65E425C783}.Release|x86.ActiveCfg = Release|x86
		{9F1076AA-63DF-4128-9C10-FD65E425C783}.Release|x86.Build.0 = Release|x86
		{59568DC1-B712-479D-A471-2A1F256CE580}.Debug|Any CPU.ActiveCfg = Debug|Any CPU
		{59568DC1-B712-479D-A471-2A1F256CE580}.Debug|Any CPU.Build.0 = Debug|Any CPU
		{59568DC1-B712-479D-A471-2A1F256CE580}.Debug|x86.ActiveCfg = Debug|Any CPU
		{59568DC1-B712-479D-A471-2A1F256CE580}.Release|Any CPU.ActiveCfg = Release|Any CPU
		{59568DC1-B712-479D-A471-2A1F256CE580}.Release|Any CPU.Build.0 = Release|Any CPU
		{59568DC1-B712-479D-A471-2A1F256CE580}.Release|x86.ActiveCfg = Release|Any CPU
	EndGlobalSection
	GlobalSection(SolutionProperties) = preSolution
		HideSolutionNode = FALSE
	EndGlobalSection
	GlobalSection(NestedProjects) = preSolution
		{7C3E2E04-6B2D-47C2-B01F-EA1602FE8453} = {DAF88C99-4F7B-4161-A7F2-18BFC9D2D6E8}
		{874F6D2E-3261-4398-8B3F-6FF9687EED96} = {7C3E2E04-6B2D-47C2-B01F-EA1602FE8453}
		{F20C5963-1741-4C83-854C-520A4AF6D118} = {7C3E2E04-6B2D-47C2-B01F-EA1602FE8453}
		{12F33683-F4F4-4846-BF68-BC24561DF8B5} = {7C3E2E04-6B2D-47C2-B01F-EA1602FE8453}
	EndGlobalSection
	GlobalSection(ExtensibilityGlobals) = postSolution
		SolutionGuid = {E6EF5B57-6566-4C18-9461-18E70A60C2FE}
	EndGlobalSection
EndGlobal
